// !$*UTF8*$!
{
	archiveVersion = 1;
	classes = {
	};
	objectVersion = 56;
	objects = {

/* Begin PBXBuildFile section */
		AB53F0EA2AC571CC00E95F8E /* DictionaryHeaderView.swift in Sources */ = {isa = PBXBuildFile; fileRef = AB53F0E92AC571CC00E95F8E /* DictionaryHeaderView.swift */; };
		AB53F0EC2AC57B8300E95F8E /* SourceLinkView.swift in Sources */ = {isa = PBXBuildFile; fileRef = AB53F0EB2AC57B8300E95F8E /* SourceLinkView.swift */; };
		AB53F0EE2AC5A15E00E95F8E /* NutrientsView.swift in Sources */ = {isa = PBXBuildFile; fileRef = AB53F0ED2AC5A15E00E95F8E /* NutrientsView.swift */; };
		AB53F0F02AC6FB3900E95F8E /* SettingsView.swift in Sources */ = {isa = PBXBuildFile; fileRef = AB53F0EF2AC6FB3900E95F8E /* SettingsView.swift */; };
		AB9AC5062ABAF4C9004FE76B /* DictionaryApp.swift in Sources */ = {isa = PBXBuildFile; fileRef = AB9AC5052ABAF4C9004FE76B /* DictionaryApp.swift */; };
		AB9AC5082ABAF4C9004FE76B /* ContentView.swift in Sources */ = {isa = PBXBuildFile; fileRef = AB9AC5072ABAF4C9004FE76B /* ContentView.swift */; };
		AB9AC50A2ABAF4CA004FE76B /* Assets.xcassets in Resources */ = {isa = PBXBuildFile; fileRef = AB9AC5092ABAF4CA004FE76B /* Assets.xcassets */; };
		AB9AC50D2ABAF4CA004FE76B /* Preview Assets.xcassets in Resources */ = {isa = PBXBuildFile; fileRef = AB9AC50C2ABAF4CA004FE76B /* Preview Assets.xcassets */; };
		AB9AC5162ABC483C004FE76B /* DictionaryCardView.swift in Sources */ = {isa = PBXBuildFile; fileRef = AB9AC5152ABC483C004FE76B /* DictionaryCardView.swift */; };
		AB9AC5182ABC6459004FE76B /* StartButtonView.swift in Sources */ = {isa = PBXBuildFile; fileRef = AB9AC5172ABC6459004FE76B /* StartButtonView.swift */; };
		AB9AC51A2ABC8262004FE76B /* OnboardingView.swift in Sources */ = {isa = PBXBuildFile; fileRef = AB9AC5192ABC8262004FE76B /* OnboardingView.swift */; };
		AB9AC51D2ABC88B4004FE76B /* DictionaryModel.swift in Sources */ = {isa = PBXBuildFile; fileRef = AB9AC51C2ABC88B4004FE76B /* DictionaryModel.swift */; };
		AB9AC5202ABC9FE6004FE76B /* DictionaryData.swift in Sources */ = {isa = PBXBuildFile; fileRef = AB9AC51F2ABC9FE6004FE76B /* DictionaryData.swift */; };
		AB9AC5222ABD83A6004FE76B /* DictionaryRowView.swift in Sources */ = {isa = PBXBuildFile; fileRef = AB9AC5212ABD83A6004FE76B /* DictionaryRowView.swift */; };
		AB9AC5242ABDC6A0004FE76B /* DictionaryDetailView.swift in Sources */ = {isa = PBXBuildFile; fileRef = AB9AC5232ABDC6A0004FE76B /* DictionaryDetailView.swift */; };
		ABB963E32ACD612A00F9BE25 /* SettingsLabelView.swift in Sources */ = {isa = PBXBuildFile; fileRef = ABB963E22ACD612A00F9BE25 /* SettingsLabelView.swift */; };
		ABB963E52ACD717500F9BE25 /* SettingRowView.swift in Sources */ = {isa = PBXBuildFile; fileRef = ABB963E42ACD717500F9BE25 /* SettingRowView.swift */; };
/* End PBXBuildFile section */

/* Begin PBXFileReference section */
		AB53F0E92AC571CC00E95F8E /* DictionaryHeaderView.swift */ = {isa = PBXFileReference; lastKnownFileType = sourcecode.swift; path = DictionaryHeaderView.swift; sourceTree = "<group>"; };
		AB53F0EB2AC57B8300E95F8E /* SourceLinkView.swift */ = {isa = PBXFileReference; lastKnownFileType = sourcecode.swift; path = SourceLinkView.swift; sourceTree = "<group>"; };
		AB53F0ED2AC5A15E00E95F8E /* NutrientsView.swift */ = {isa = PBXFileReference; lastKnownFileType = sourcecode.swift; path = NutrientsView.swift; sourceTree = "<group>"; };
		AB53F0EF2AC6FB3900E95F8E /* SettingsView.swift */ = {isa = PBXFileReference; lastKnownFileType = sourcecode.swift; path = SettingsView.swift; sourceTree = "<group>"; };
		AB9AC5022ABAF4C9004FE76B /* Dictionary.app */ = {isa = PBXFileReference; explicitFileType = wrapper.application; includeInIndex = 0; path = Dictionary.app; sourceTree = BUILT_PRODUCTS_DIR; };
		AB9AC5052ABAF4C9004FE76B /* DictionaryApp.swift */ = {isa = PBXFileReference; lastKnownFileType = sourcecode.swift; path = DictionaryApp.swift; sourceTree = "<group>"; };
		AB9AC5072ABAF4C9004FE76B /* ContentView.swift */ = {isa = PBXFileReference; lastKnownFileType = sourcecode.swift; path = ContentView.swift; sourceTree = "<group>"; };
		AB9AC5092ABAF4CA004FE76B /* Assets.xcassets */ = {isa = PBXFileReference; lastKnownFileType = folder.assetcatalog; path = Assets.xcassets; sourceTree = "<group>"; };
		AB9AC50C2ABAF4CA004FE76B /* Preview Assets.xcassets */ = {isa = PBXFileReference; lastKnownFileType = folder.assetcatalog; path = "Preview Assets.xcassets"; sourceTree = "<group>"; };
		AB9AC5152ABC483C004FE76B /* DictionaryCardView.swift */ = {isa = PBXFileReference; lastKnownFileType = sourcecode.swift; path = DictionaryCardView.swift; sourceTree = "<group>"; };
		AB9AC5172ABC6459004FE76B /* StartButtonView.swift */ = {isa = PBXFileReference; lastKnownFileType = sourcecode.swift; path = StartButtonView.swift; sourceTree = "<group>"; };
		AB9AC5192ABC8262004FE76B /* OnboardingView.swift */ = {isa = PBXFileReference; lastKnownFileType = sourcecode.swift; path = OnboardingView.swift; sourceTree = "<group>"; };
		AB9AC51C2ABC88B4004FE76B /* DictionaryModel.swift */ = {isa = PBXFileReference; lastKnownFileType = sourcecode.swift; path = DictionaryModel.swift; sourceTree = "<group>"; };
		AB9AC51F2ABC9FE6004FE76B /* DictionaryData.swift */ = {isa = PBXFileReference; lastKnownFileType = sourcecode.swift; path = DictionaryData.swift; sourceTree = "<group>"; };
		AB9AC5212ABD83A6004FE76B /* DictionaryRowView.swift */ = {isa = PBXFileReference; lastKnownFileType = sourcecode.swift; path = DictionaryRowView.swift; sourceTree = "<group>"; };
		AB9AC5232ABDC6A0004FE76B /* DictionaryDetailView.swift */ = {isa = PBXFileReference; lastKnownFileType = sourcecode.swift; path = DictionaryDetailView.swift; sourceTree = "<group>"; };
		ABB963E22ACD612A00F9BE25 /* SettingsLabelView.swift */ = {isa = PBXFileReference; lastKnownFileType = sourcecode.swift; path = SettingsLabelView.swift; sourceTree = "<group>"; };
		ABB963E42ACD717500F9BE25 /* SettingRowView.swift */ = {isa = PBXFileReference; lastKnownFileType = sourcecode.swift; path = SettingRowView.swift; sourceTree = "<group>"; };
/* End PBXFileReference section */

/* Begin PBXFrameworksBuildPhase section */
		AB9AC4FF2ABAF4C9004FE76B /* Frameworks */ = {
			isa = PBXFrameworksBuildPhase;
			buildActionMask = 2147483647;
			files = (
			);
			runOnlyForDeploymentPostprocessing = 0;
		};
/* End PBXFrameworksBuildPhase section */

/* Begin PBXGroup section */
		AB9AC4F92ABAF4C9004FE76B = {
			isa = PBXGroup;
			children = (
				AB9AC5042ABAF4C9004FE76B /* Dictionary */,
				AB9AC5032ABAF4C9004FE76B /* Products */,
			);
			sourceTree = "<group>";
		};
		AB9AC5032ABAF4C9004FE76B /* Products */ = {
			isa = PBXGroup;
			children = (
				AB9AC5022ABAF4C9004FE76B /* Dictionary.app */,
			);
			name = Products;
			sourceTree = "<group>";
		};
		AB9AC5042ABAF4C9004FE76B /* Dictionary */ = {
			isa = PBXGroup;
			children = (
				AB9AC5132ABC4795004FE76B /* App */,
				AB9AC5142ABC47C4004FE76B /* View */,
				AB9AC51E2ABC9FB2004FE76B /* Data */,
				AB9AC51B2ABC8881004FE76B /* Model */,
				AB9AC5092ABAF4CA004FE76B /* Assets.xcassets */,
				AB9AC50B2ABAF4CA004FE76B /* Preview Content */,
			);
			path = Dictionary;
			sourceTree = "<group>";
		};
		AB9AC50B2ABAF4CA004FE76B /* Preview Content */ = {
			isa = PBXGroup;
			children = (
				AB9AC50C2ABAF4CA004FE76B /* Preview Assets.xcassets */,
			);
			path = "Preview Content";
			sourceTree = "<group>";
		};
		AB9AC5132ABC4795004FE76B /* App */ = {
			isa = PBXGroup;
			children = (
				AB9AC5052ABAF4C9004FE76B /* DictionaryApp.swift */,
				AB9AC5072ABAF4C9004FE76B /* ContentView.swift */,
				AB9AC5192ABC8262004FE76B /* OnboardingView.swift */,
				AB9AC5232ABDC6A0004FE76B /* DictionaryDetailView.swift */,
				AB53F0EF2AC6FB3900E95F8E /* SettingsView.swift */,
				ABB963E42ACD717500F9BE25 /* SettingRowView.swift */,
			);
			path = App;
			sourceTree = "<group>";
		};
		AB9AC5142ABC47C4004FE76B /* View */ = {
			isa = PBXGroup;
			children = (
				AB9AC5152ABC483C004FE76B /* DictionaryCardView.swift */,
				AB9AC5172ABC6459004FE76B /* StartButtonView.swift */,
				AB9AC5212ABD83A6004FE76B /* DictionaryRowView.swift */,
				AB53F0E92AC571CC00E95F8E /* DictionaryHeaderView.swift */,
				AB53F0EB2AC57B8300E95F8E /* SourceLinkView.swift */,
				AB53F0ED2AC5A15E00E95F8E /* NutrientsView.swift */,
				ABB963E22ACD612A00F9BE25 /* SettingsLabelView.swift */,
			);
			path = View;
			sourceTree = "<group>";
		};
		AB9AC51B2ABC8881004FE76B /* Model */ = {
			isa = PBXGroup;
			children = (
				AB9AC51C2ABC88B4004FE76B /* DictionaryModel.swift */,
			);
			path = Model;
			sourceTree = "<group>";
		};
		AB9AC51E2ABC9FB2004FE76B /* Data */ = {
			isa = PBXGroup;
			children = (
				AB9AC51F2ABC9FE6004FE76B /* DictionaryData.swift */,
			);
			path = Data;
			sourceTree = "<group>";
		};
/* End PBXGroup section */

/* Begin PBXNativeTarget section */
		AB9AC5012ABAF4C9004FE76B /* Dictionary */ = {
			isa = PBXNativeTarget;
			buildConfigurationList = AB9AC5102ABAF4CA004FE76B /* Build configuration list for PBXNativeTarget "Dictionary" */;
			buildPhases = (
				AB9AC4FE2ABAF4C9004FE76B /* Sources */,
				AB9AC4FF2ABAF4C9004FE76B /* Frameworks */,
				AB9AC5002ABAF4C9004FE76B /* Resources */,
			);
			buildRules = (
			);
			dependencies = (
			);
			name = Dictionary;
			productName = Dictionary;
			productReference = AB9AC5022ABAF4C9004FE76B /* Dictionary.app */;
			productType = "com.apple.product-type.application";
		};
/* End PBXNativeTarget section */

/* Begin PBXProject section */
		AB9AC4FA2ABAF4C9004FE76B /* Project object */ = {
			isa = PBXProject;
			attributes = {
				BuildIndependentTargetsInParallel = 1;
				LastSwiftUpdateCheck = 1500;
				LastUpgradeCheck = 1500;
				TargetAttributes = {
					AB9AC5012ABAF4C9004FE76B = {
						CreatedOnToolsVersion = 15.0;
					};
				};
			};
			buildConfigurationList = AB9AC4FD2ABAF4C9004FE76B /* Build configuration list for PBXProject "Dictionary" */;
			compatibilityVersion = "Xcode 14.0";
			developmentRegion = en;
			hasScannedForEncodings = 0;
			knownRegions = (
				en,
				Base,
			);
			mainGroup = AB9AC4F92ABAF4C9004FE76B;
			productRefGroup = AB9AC5032ABAF4C9004FE76B /* Products */;
			projectDirPath = "";
			projectRoot = "";
			targets = (
				AB9AC5012ABAF4C9004FE76B /* Dictionary */,
			);
		};
/* End PBXProject section */

/* Begin PBXResourcesBuildPhase section */
		AB9AC5002ABAF4C9004FE76B /* Resources */ = {
			isa = PBXResourcesBuildPhase;
			buildActionMask = 2147483647;
			files = (
				AB9AC50D2ABAF4CA004FE76B /* Preview Assets.xcassets in Resources */,
				AB9AC50A2ABAF4CA004FE76B /* Assets.xcassets in Resources */,
			);
			runOnlyForDeploymentPostprocessing = 0;
		};
/* End PBXResourcesBuildPhase section */

/* Begin PBXSourcesBuildPhase section */
		AB9AC4FE2ABAF4C9004FE76B /* Sources */ = {
			isa = PBXSourcesBuildPhase;
			buildActionMask = 2147483647;
			files = (
				AB9AC5202ABC9FE6004FE76B /* DictionaryData.swift in Sources */,
				AB53F0EE2AC5A15E00E95F8E /* NutrientsView.swift in Sources */,
				AB53F0EC2AC57B8300E95F8E /* SourceLinkView.swift in Sources */,
				AB53F0EA2AC571CC00E95F8E /* DictionaryHeaderView.swift in Sources */,
				AB9AC5242ABDC6A0004FE76B /* DictionaryDetailView.swift in Sources */,
				AB9AC5082ABAF4C9004FE76B /* ContentView.swift in Sources */,
				AB9AC51D2ABC88B4004FE76B /* DictionaryModel.swift in Sources */,
				AB9AC5222ABD83A6004FE76B /* DictionaryRowView.swift in Sources */,
				AB9AC5182ABC6459004FE76B /* StartButtonView.swift in Sources */,
				AB9AC5162ABC483C004FE76B /* DictionaryCardView.swift in Sources */,
				ABB963E32ACD612A00F9BE25 /* SettingsLabelView.swift in Sources */,
				AB9AC51A2ABC8262004FE76B /* OnboardingView.swift in Sources */,
				AB9AC5062ABAF4C9004FE76B /* DictionaryApp.swift in Sources */,
				AB53F0F02AC6FB3900E95F8E /* SettingsView.swift in Sources */,
				ABB963E52ACD717500F9BE25 /* SettingRowView.swift in Sources */,
			);
			runOnlyForDeploymentPostprocessing = 0;
		};
/* End PBXSourcesBuildPhase section */

/* Begin XCBuildConfiguration section */
		AB9AC50E2ABAF4CA004FE76B /* Debug */ = {
			isa = XCBuildConfiguration;
			buildSettings = {
				ALWAYS_SEARCH_USER_PATHS = NO;
				ASSETCATALOG_COMPILER_GENERATE_SWIFT_ASSET_SYMBOL_EXTENSIONS = YES;
				CLANG_ANALYZER_NONNULL = YES;
				CLANG_ANALYZER_NUMBER_OBJECT_CONVERSION = YES_AGGRESSIVE;
				CLANG_CXX_LANGUAGE_STANDARD = "gnu++20";
				CLANG_ENABLE_MODULES = YES;
				CLANG_ENABLE_OBJC_ARC = YES;
				CLANG_ENABLE_OBJC_WEAK = YES;
				CLANG_WARN_BLOCK_CAPTURE_AUTORELEASING = YES;
				CLANG_WARN_BOOL_CONVERSION = YES;
				CLANG_WARN_COMMA = YES;
				CLANG_WARN_CONSTANT_CONVERSION = YES;
				CLANG_WARN_DEPRECATED_OBJC_IMPLEMENTATIONS = YES;
				CLANG_WARN_DIRECT_OBJC_ISA_USAGE = YES_ERROR;
				CLANG_WARN_DOCUMENTATION_COMMENTS = YES;
				CLANG_WARN_EMPTY_BODY = YES;
				CLANG_WARN_ENUM_CONVERSION = YES;
				CLANG_WARN_INFINITE_RECURSION = YES;
				CLANG_WARN_INT_CONVERSION = YES;
				CLANG_WARN_NON_LITERAL_NULL_CONVERSION = YES;
				CLANG_WARN_OBJC_IMPLICIT_RETAIN_SELF = YES;
				CLANG_WARN_OBJC_LITERAL_CONVERSION = YES;
				CLANG_WARN_OBJC_ROOT_CLASS = YES_ERROR;
				CLANG_WARN_QUOTED_INCLUDE_IN_FRAMEWORK_HEADER = YES;
				CLANG_WARN_RANGE_LOOP_ANALYSIS = YES;
				CLANG_WARN_STRICT_PROTOTYPES = YES;
				CLANG_WARN_SUSPICIOUS_MOVE = YES;
				CLANG_WARN_UNGUARDED_AVAILABILITY = YES_AGGRESSIVE;
				CLANG_WARN_UNREACHABLE_CODE = YES;
				CLANG_WARN__DUPLICATE_METHOD_MATCH = YES;
				COPY_PHASE_STRIP = NO;
				DEBUG_INFORMATION_FORMAT = dwarf;
				ENABLE_STRICT_OBJC_MSGSEND = YES;
				ENABLE_TESTABILITY = YES;
				ENABLE_USER_SCRIPT_SANDBOXING = YES;
				GCC_C_LANGUAGE_STANDARD = gnu17;
				GCC_DYNAMIC_NO_PIC = NO;
				GCC_NO_COMMON_BLOCKS = YES;
				GCC_OPTIMIZATION_LEVEL = 0;
				GCC_PREPROCESSOR_DEFINITIONS = (
					"DEBUG=1",
					"$(inherited)",
				);
				GCC_WARN_64_TO_32_BIT_CONVERSION = YES;
				GCC_WARN_ABOUT_RETURN_TYPE = YES_ERROR;
				GCC_WARN_UNDECLARED_SELECTOR = YES;
				GCC_WARN_UNINITIALIZED_AUTOS = YES_AGGRESSIVE;
				GCC_WARN_UNUSED_FUNCTION = YES;
				GCC_WARN_UNUSED_VARIABLE = YES;
				IPHONEOS_DEPLOYMENT_TARGET = 17.0;
				LOCALIZATION_PREFERS_STRING_CATALOGS = YES;
				MTL_ENABLE_DEBUG_INFO = INCLUDE_SOURCE;
				MTL_FAST_MATH = YES;
				ONLY_ACTIVE_ARCH = YES;
				SDKROOT = iphoneos;
				SWIFT_ACTIVE_COMPILATION_CONDITIONS = "DEBUG $(inherited)";
				SWIFT_OPTIMIZATION_LEVEL = "-Onone";
			};
			name = Debug;
		};
		AB9AC50F2ABAF4CA004FE76B /* Release */ = {
			isa = XCBuildConfiguration;
			buildSettings = {
				ALWAYS_SEARCH_USER_PATHS = NO;
				ASSETCATALOG_COMPILER_GENERATE_SWIFT_ASSET_SYMBOL_EXTENSIONS = YES;
				CLANG_ANALYZER_NONNULL = YES;
				CLANG_ANALYZER_NUMBER_OBJECT_CONVERSION = YES_AGGRESSIVE;
				CLANG_CXX_LANGUAGE_STANDARD = "gnu++20";
				CLANG_ENABLE_MODULES = YES;
				CLANG_ENABLE_OBJC_ARC = YES;
				CLANG_ENABLE_OBJC_WEAK = YES;
				CLANG_WARN_BLOCK_CAPTURE_AUTORELEASING = YES;
				CLANG_WARN_BOOL_CONVERSION = YES;
				CLANG_WARN_COMMA = YES;
				CLANG_WARN_CONSTANT_CONVERSION = YES;
				CLANG_WARN_DEPRECATED_OBJC_IMPLEMENTATIONS = YES;
				CLANG_WARN_DIRECT_OBJC_ISA_USAGE = YES_ERROR;
				CLANG_WARN_DOCUMENTATION_COMMENTS = YES;
				CLANG_WARN_EMPTY_BODY = YES;
				CLANG_WARN_ENUM_CONVERSION = YES;
				CLANG_WARN_INFINITE_RECURSION = YES;
				CLANG_WARN_INT_CONVERSION = YES;
				CLANG_WARN_NON_LITERAL_NULL_CONVERSION = YES;
				CLANG_WARN_OBJC_IMPLICIT_RETAIN_SELF = YES;
				CLANG_WARN_OBJC_LITERAL_CONVERSION = YES;
				CLANG_WARN_OBJC_ROOT_CLASS = YES_ERROR;
				CLANG_WARN_QUOTED_INCLUDE_IN_FRAMEWORK_HEADER = YES;
				CLANG_WARN_RANGE_LOOP_ANALYSIS = YES;
				CLANG_WARN_STRICT_PROTOTYPES = YES;
				CLANG_WARN_SUSPICIOUS_MOVE = YES;
				CLANG_WARN_UNGUARDED_AVAILABILITY = YES_AGGRESSIVE;
				CLANG_WARN_UNREACHABLE_CODE = YES;
				CLANG_WARN__DUPLICATE_METHOD_MATCH = YES;
				COPY_PHASE_STRIP = NO;
				DEBUG_INFORMATION_FORMAT = "dwarf-with-dsym";
				ENABLE_NS_ASSERTIONS = NO;
				ENABLE_STRICT_OBJC_MSGSEND = YES;
				ENABLE_USER_SCRIPT_SANDBOXING = YES;
				GCC_C_LANGUAGE_STANDARD = gnu17;
				GCC_NO_COMMON_BLOCKS = YES;
				GCC_WARN_64_TO_32_BIT_CONVERSION = YES;
				GCC_WARN_ABOUT_RETURN_TYPE = YES_ERROR;
				GCC_WARN_UNDECLARED_SELECTOR = YES;
				GCC_WARN_UNINITIALIZED_AUTOS = YES_AGGRESSIVE;
				GCC_WARN_UNUSED_FUNCTION = YES;
				GCC_WARN_UNUSED_VARIABLE = YES;
				IPHONEOS_DEPLOYMENT_TARGET = 17.0;
				LOCALIZATION_PREFERS_STRING_CATALOGS = YES;
				MTL_ENABLE_DEBUG_INFO = NO;
				MTL_FAST_MATH = YES;
				SDKROOT = iphoneos;
				SWIFT_COMPILATION_MODE = wholemodule;
				VALIDATE_PRODUCT = YES;
			};
			name = Release;
		};
		AB9AC5112ABAF4CA004FE76B /* Debug */ = {
			isa = XCBuildConfiguration;
			buildSettings = {
				ASSETCATALOG_COMPILER_APPICON_NAME = AppIcon;
				ASSETCATALOG_COMPILER_GLOBAL_ACCENT_COLOR_NAME = AccentColor;
				CODE_SIGN_STYLE = Automatic;
				CURRENT_PROJECT_VERSION = 1;
				DEVELOPMENT_ASSET_PATHS = "\"Dictionary/Preview Content\"";
				DEVELOPMENT_TEAM = Q5KS25PXFY;
				ENABLE_PREVIEWS = YES;
				GENERATE_INFOPLIST_FILE = YES;
				INFOPLIST_KEY_UIApplicationSceneManifest_Generation = YES;
				INFOPLIST_KEY_UIApplicationSupportsIndirectInputEvents = YES;
				INFOPLIST_KEY_UILaunchScreen_Generation = YES;
				INFOPLIST_KEY_UISupportedInterfaceOrientations_iPad = "UIInterfaceOrientationPortrait UIInterfaceOrientationPortraitUpsideDown UIInterfaceOrientationLandscapeLeft UIInterfaceOrientationLandscapeRight";
				INFOPLIST_KEY_UISupportedInterfaceOrientations_iPhone = "UIInterfaceOrientationPortrait UIInterfaceOrientationLandscapeLeft UIInterfaceOrientationLandscapeRight";
				LD_RUNPATH_SEARCH_PATHS = (
					"$(inherited)",
					"@executable_path/Frameworks",
				);
				MARKETING_VERSION = 1.0;
				PRODUCT_BUNDLE_IDENTIFIER = "-.Dictionary";
				PRODUCT_NAME = "$(TARGET_NAME)";
				SWIFT_EMIT_LOC_STRINGS = YES;
				SWIFT_VERSION = 5.0;
				TARGETED_DEVICE_FAMILY = "1,2";
			};
			name = Debug;
		};
		AB9AC5122ABAF4CA004FE76B /* Release */ = {
			isa = XCBuildConfiguration;
			buildSettings = {
				ASSETCATALOG_COMPILER_APPICON_NAME = AppIcon;
				ASSETCATALOG_COMPILER_GLOBAL_ACCENT_COLOR_NAME = AccentColor;
				CODE_SIGN_STYLE = Automatic;
				CURRENT_PROJECT_VERSION = 1;
				DEVELOPMENT_ASSET_PATHS = "\"Dictionary/Preview Content\"";
				DEVELOPMENT_TEAM = Q5KS25PXFY;
				ENABLE_PREVIEWS = YES;
				GENERATE_INFOPLIST_FILE = YES;
				INFOPLIST_KEY_UIApplicationSceneManifest_Generation = YES;
				INFOPLIST_KEY_UIApplicationSupportsIndirectInputEvents = YES;
				INFOPLIST_KEY_UILaunchScreen_Generation = YES;
				INFOPLIST_KEY_UISupportedInterfaceOrientations_iPad = "UIInterfaceOrientationPortrait UIInterfaceOrientationPortraitUpsideDown UIInterfaceOrientationLandscapeLeft UIInterfaceOrientationLandscapeRight";
				INFOPLIST_KEY_UISupportedInterfaceOrientations_iPhone = "UIInterfaceOrientationPortrait UIInterfaceOrientationLandscapeLeft UIInterfaceOrientationLandscapeRight";
				LD_RUNPATH_SEARCH_PATHS = (
					"$(inherited)",
					"@executable_path/Frameworks",
				);
				MARKETING_VERSION = 1.0;
				PRODUCT_BUNDLE_IDENTIFIER = "-.Dictionary";
				PRODUCT_NAME = "$(TARGET_NAME)";
				SWIFT_EMIT_LOC_STRINGS = YES;
				SWIFT_VERSION = 5.0;
				TARGETED_DEVICE_FAMILY = "1,2";
			};
			name = Release;
		};
/* End XCBuildConfiguration section */

/* Begin XCConfigurationList section */
		AB9AC4FD2ABAF4C9004FE76B /* Build configuration list for PBXProject "Dictionary" */ = {
			isa = XCConfigurationList;
			buildConfigurations = (
				AB9AC50E2ABAF4CA004FE76B /* Debug */,
				AB9AC50F2ABAF4CA004FE76B /* Release */,
			);
			defaultConfigurationIsVisible = 0;
			defaultConfigurationName = Release;
		};
		AB9AC5102ABAF4CA004FE76B /* Build configuration list for PBXNativeTarget "Dictionary" */ = {
			isa = XCConfigurationList;
			buildConfigurations = (
				AB9AC5112ABAF4CA004FE76B /* Debug */,
				AB9AC5122ABAF4CA004FE76B /* Release */,
			);
			defaultConfigurationIsVisible = 0;
			defaultConfigurationName = Release;
		};
/* End XCConfigurationList section */
	};
	rootObject = AB9AC4FA2ABAF4C9004FE76B /* Project object */;
}
